
Microsoft Visual Studio Solution File, Format Version 12.00
# Visual Studio Version 17
VisualStudioVersion = 17.11.35222.181
MinimumVisualStudioVersion = 10.0.40219.1
Project("{FAE04EC0-301F-11D3-BF4B-00C04F79EFBC}") = "ShopifyWebApi", "ShopifyWebApi\ShopifyWebApi.csproj", "{369315D8-A4FC-4F04-9482-F7C94F39F0E7}"
EndProject
Global
	GlobalSection(SolutionConfigurationPlatforms) = preSolution
		Debug|Any CPU = Debug|Any CPU
		Release|Any CPU = Release|Any CPU
	EndGlobalSection
	GlobalSection(ProjectConfigurationPlatforms) = postSolution
		{369315D8-A4FC-4F04-9482-F7C94F39F0E7}.Debug|Any CPU.ActiveCfg = Debug|Any CPU
		{369315D8-A4FC-4F04-9482-F7C94F39F0E7}.Debug|Any CPU.Build.0 = Debug|Any CPU
		{369315D8-A4FC-4F04-9482-F7C94F39F0E7}.Release|Any CPU.ActiveCfg = Release|Any CPU
		{369315D8-A4FC-4F04-9482-F7C94F39F0E7}.Release|Any CPU.Build.0 = Release|Any CPU
	EndGlobalSection
	GlobalSection(SolutionProperties) = preSolution
		HideSolutionNode = FALSE
	EndGlobalSection
	GlobalSection(ExtensibilityGlobals) = postSolution
		SolutionGuid = {69E51A94-BCB5-4009-9D18-168DEB7877A0}
	EndGlobalSection
EndGlobal
